<?xml version="1.0" encoding="utf-8"?>
<Project ToolsVersion="4.0" xmlns="http://schemas.microsoft.com/developer/msbuild/2003">
  <ItemGroup>
    <Filter Include="ソース ファイル">
      <UniqueIdentifier>{4FC737F1-C7A5-4376-A066-2A32D752A2FF}</UniqueIdentifier>
      <Extensions>cpp;c;cc;cxx;c++;cppm;ixx;def;odl;idl;hpj;bat;asm;asmx</Extensions>
    </Filter>
    <Filter Include="ヘッダー ファイル">
      <UniqueIdentifier>{93995380-89BD-4b04-88EB-625FBE52EBFB}</UniqueIdentifier>
      <Extensions>h;hh;hpp;hxx;h++;hm;inl;inc;ipp;xsd</Extensions>
    </Filter>
    <Filter Include="リソース ファイル">
      <UniqueIdentifier>{67DA6AB6-F800-4c08-8B7A-83BB121AAD01}</UniqueIdentifier>
      <Extensions>rc;ico;cur;bmp;dlg;rc2;rct;bin;rgs;gif;jpg;jpeg;jpe;resx;tiff;tif;png;wav;mfcribbon-ms</Extensions>
    </Filter>
    <Filter Include="ソース ファイル\Scene">
      <UniqueIdentifier>{729828aa-1697-4988-ba5f-7b14f4c46502}</UniqueIdentifier>
    </Filter>
    <Filter Include="ソース ファイル\Manager">
      <UniqueIdentifier>{e3cc637d-1a40-43b1-888a-45d82c2bbc0a}</UniqueIdentifier>
    </Filter>
    <Filter Include="ヘッダー ファイル\Scene">
      <UniqueIdentifier>{5348bacb-cedd-47ab-a8f3-53a0afc4fc52}</UniqueIdentifier>
    </Filter>
    <Filter Include="ヘッダー ファイル\Manager">
      <UniqueIdentifier>{e131bc2f-7c9a-443f-a118-7592d81b322b}</UniqueIdentifier>
    </Filter>
    <Filter Include="ソース ファイル\dx">
      <UniqueIdentifier>{7f65045b-1f91-4f46-a594-3278f8a622ee}</UniqueIdentifier>
    </Filter>
    <Filter Include="ヘッダー ファイル\dx">
      <UniqueIdentifier>{aca3fa34-5bb0-4433-a360-6eda1f18d330}</UniqueIdentifier>
    </Filter>
    <Filter Include="ソース ファイル\dx\buffer">
      <UniqueIdentifier>{cab7508f-1328-411d-a836-e84d90dd6122}</UniqueIdentifier>
    </Filter>
    <Filter Include="ソース ファイル\dx\shader">
      <UniqueIdentifier>{419f00f5-78d9-4365-a446-60fb2ae2b4d8}</UniqueIdentifier>
    </Filter>
    <Filter Include="ヘッダー ファイル\dx\buffer">
      <UniqueIdentifier>{2684fdd2-0508-4566-a0ab-12736d0af7fe}</UniqueIdentifier>
    </Filter>
    <Filter Include="ヘッダー ファイル\dx\shader">
      <UniqueIdentifier>{a1581e2b-c150-449a-96f9-f6ac9c749a6a}</UniqueIdentifier>
    </Filter>
    <Filter Include="ヘッダー ファイル\Scene\Test">
      <UniqueIdentifier>{a6f6b919-2da7-485d-8197-11bf3e8a3eb1}</UniqueIdentifier>
    </Filter>
    <Filter Include="ソース ファイル\Scene\Test">
      <UniqueIdentifier>{7066f90a-853a-4881-85d8-01acd0c494b8}</UniqueIdentifier>
    </Filter>
    <Filter Include="ソース ファイル\other">
      <UniqueIdentifier>{874ba13e-ddc6-4780-8211-27398e8a205b}</UniqueIdentifier>
    </Filter>
    <Filter Include="ヘッダー ファイル\other">
      <UniqueIdentifier>{232c3bd2-b633-4d6a-9427-6a0f0ceac598}</UniqueIdentifier>
    </Filter>
    <Filter Include="ヘッダー ファイル\Collider">
      <UniqueIdentifier>{a03fcf46-f277-49d8-852c-932e8b7b9f8e}</UniqueIdentifier>
    </Filter>
    <Filter Include="ソース ファイル\Collider">
      <UniqueIdentifier>{0112e276-fe18-457f-b167-f2d30fd3e20d}</UniqueIdentifier>
    </Filter>
  </ItemGroup>
  <ItemGroup>
    <ClCompile Include="Scene\00_BaseScene\BaseScene.cpp">
      <Filter>ソース ファイル\Scene</Filter>
    </ClCompile>
    <ClCompile Include="Scene\03_ResultScene\ResultScene.cpp">
      <Filter>ソース ファイル\Scene</Filter>
    </ClCompile>
    <ClCompile Include="Scene\01_TitleScene\TitleScene.cpp">
      <Filter>ソース ファイル\Scene</Filter>
    </ClCompile>
    <ClCompile Include="Scene\02_GameScene\GameScene.cpp">
      <Filter>ソース ファイル\Scene</Filter>
    </ClCompile>
    <ClCompile Include="Library\Code\self\01_GameManager\GameManager.cpp">
      <Filter>ソース ファイル\Manager</Filter>
    </ClCompile>
    <ClCompile Include="Library\Code\self\02_SceneManager\SceneManager.cpp">
      <Filter>ソース ファイル\Manager</Filter>
    </ClCompile>
    <ClCompile Include="Library\Code\self\03_Windows\WindowSetup.cpp">
      <Filter>ソース ファイル\Manager</Filter>
    </ClCompile>
    <ClCompile Include="Library\Code\self\04_DirextX_11\05_DepthStencil\CDepthStencil.cpp">
      <Filter>ソース ファイル\dx</Filter>
    </ClCompile>
    <ClCompile Include="Library\Code\self\04_DirextX_11\02_Device\CDevice.cpp">
      <Filter>ソース ファイル\dx</Filter>
    </ClCompile>
    <ClCompile Include="Library\Code\self\04_DirextX_11\08_InputLayout\CInputLayout.cpp">
      <Filter>ソース ファイル\dx</Filter>
    </ClCompile>
    <ClCompile Include="Library\Code\self\04_DirextX_11\04_RenderTargetView\CRenderTargetView.cpp">
      <Filter>ソース ファイル\dx</Filter>
    </ClCompile>
    <ClCompile Include="Library\Code\self\04_DirextX_11\10_Sampler\CSampler.cpp">
      <Filter>ソース ファイル\dx</Filter>
    </ClCompile>
    <ClCompile Include="Library\Code\self\04_DirextX_11\03_SwapChain\CSwapChain.cpp">
      <Filter>ソース ファイル\dx</Filter>
    </ClCompile>
    <ClCompile Include="Library\Code\self\04_DirextX_11\06_Viewport\CViewport.cpp">
      <Filter>ソース ファイル\dx</Filter>
    </ClCompile>
    <ClCompile Include="Library\Code\self\04_DirextX_11\07_Buffer\00_CBuffer\CBuffer.cpp">
      <Filter>ソース ファイル\dx\buffer</Filter>
    </ClCompile>
    <ClCompile Include="Library\Code\self\04_DirextX_11\07_Buffer\03_CConstantBuffer\CConstantBuffer.cpp">
      <Filter>ソース ファイル\dx\buffer</Filter>
    </ClCompile>
    <ClCompile Include="Library\Code\self\04_DirextX_11\07_Buffer\02_CIndexBuffer\CIndexBuffer.cpp">
      <Filter>ソース ファイル\dx\buffer</Filter>
    </ClCompile>
    <ClCompile Include="Library\Code\self\04_DirextX_11\09_Shader\00_CShader\CShader.cpp">
      <Filter>ソース ファイル\dx\shader</Filter>
    </ClCompile>
    <ClCompile Include="Library\Code\self\04_DirextX_11\09_Shader\02_PixelShader\CPixelShader.cpp">
      <Filter>ソース ファイル\dx\shader</Filter>
    </ClCompile>
    <ClCompile Include="Library\Code\self\04_DirextX_11\09_Shader\01_CVertexShader\CVertexShader.cpp">
      <Filter>ソース ファイル\dx\shader</Filter>
    </ClCompile>
    <ClCompile Include="Library\Code\self\04_DirextX_11\07_Buffer\01_CVertexBuffer\CVertexBuffer.cpp">
      <Filter>ソース ファイル\dx\buffer</Filter>
    </ClCompile>
    <ClCompile Include="Library\Code\self\04_DirextX_11\01_Initialize\CD3D11.cpp">
      <Filter>ソース ファイル\Manager</Filter>
    </ClCompile>
    <ClCompile Include="Library\Code\self\10_Object\Object.cpp">
      <Filter>ソース ファイル</Filter>
    </ClCompile>
    <ClCompile Include="Scene\96_Test_Imagawa\Test_Imagawa.cpp">
      <Filter>ソース ファイル\Scene\Test</Filter>
    </ClCompile>
    <ClCompile Include="Scene\95_Test_Ri\Test_Ri.cpp">
      <Filter>ソース ファイル\Scene\Test</Filter>
    </ClCompile>
    <ClCompile Include="Scene\97_Test_Ueda\Test_Ueda.cpp">
      <Filter>ソース ファイル\Scene\Test</Filter>
    </ClCompile>
    <ClCompile Include="Scene\98_Test_Uryu\Test_Uryu.cpp">
      <Filter>ソース ファイル\Scene\Test</Filter>
    </ClCompile>
    <ClCompile Include="Scene\99_TestScene\TestScene.cpp">
      <Filter>ソース ファイル\Scene\Test</Filter>
    </ClCompile>
    <ClCompile Include="Library\Code\other\01_WICTextureLoader\WICTextureLoader.cpp">
      <Filter>ソース ファイル\other</Filter>
    </ClCompile>
    <ClCompile Include="main.cpp">
      <Filter>ソース ファイル\other</Filter>
    </ClCompile>
    <ClCompile Include="Library\Code\self\05_Collider\00_BaseCollider\BaseCollider.cpp">
      <Filter>ソース ファイル\Collider</Filter>
    </ClCompile>
    <ClCompile Include="Library\Code\self\05_Collider\01_BoxCollider\BoxCollider.cpp">
      <Filter>ソース ファイル\Collider</Filter>
    </ClCompile>
    <ClCompile Include="Library\Code\self\05_Collider\02_CircleCollider\CircleCollider.cpp">
      <Filter>ソース ファイル\Collider</Filter>
    </ClCompile>
    <ClCompile Include="Scene\94_Test_Otani\Test_Otani.cpp">
      <Filter>ソース ファイル\Scene\Test</Filter>
    </ClCompile>
    <ClCompile Include="Library\Code\self\imagawa_Input\input.cpp">
      <Filter>ソース ファイル\other</Filter>
    </ClCompile>
  </ItemGroup>
  <ItemGroup>
    <ClInclude Include="Scene\00_BaseScene\BaseScene.h">
      <Filter>ヘッダー ファイル\Scene</Filter>
    </ClInclude>
    <ClInclude Include="Scene\02_GameScene\GameScene.h">
      <Filter>ヘッダー ファイル\Scene</Filter>
    </ClInclude>
    <ClInclude Include="Scene\03_ResultScene\ResultScene.h">
      <Filter>ヘッダー ファイル\Scene</Filter>
    </ClInclude>
    <ClInclude Include="Library\Code\self\03_Windows\WindowSetup.h">
      <Filter>ヘッダー ファイル\Manager</Filter>
    </ClInclude>
    <ClInclude Include="Library\Code\self\02_SceneManager\SceneManager.h">
      <Filter>ヘッダー ファイル\Manager</Filter>
    </ClInclude>
    <ClInclude Include="Library\Code\self\01_GameManager\GameManager.h">
      <Filter>ヘッダー ファイル\Manager</Filter>
    </ClInclude>
    <ClInclude Include="Library\Code\self\04_DirextX_11\02_Device\CDevice.h">
      <Filter>ヘッダー ファイル\dx</Filter>
    </ClInclude>
    <ClInclude Include="Library\Code\self\04_DirextX_11\05_DepthStencil\CDepthStencil.h">
      <Filter>ヘッダー ファイル\dx</Filter>
    </ClInclude>
    <ClInclude Include="Library\Code\self\04_DirextX_11\08_InputLayout\CInputLayout.h">
      <Filter>ヘッダー ファイル\dx</Filter>
    </ClInclude>
    <ClInclude Include="Library\Code\self\04_DirextX_11\04_RenderTargetView\CRenderTargetView.h">
      <Filter>ヘッダー ファイル\dx</Filter>
    </ClInclude>
    <ClInclude Include="Library\Code\self\04_DirextX_11\10_Sampler\CSampler.h">
      <Filter>ヘッダー ファイル\dx</Filter>
    </ClInclude>
    <ClInclude Include="Library\Code\self\04_DirextX_11\03_SwapChain\CSwapChain.h">
      <Filter>ヘッダー ファイル\dx</Filter>
    </ClInclude>
    <ClInclude Include="Library\Code\self\04_DirextX_11\06_Viewport\CViewport.h">
      <Filter>ヘッダー ファイル\dx</Filter>
    </ClInclude>
    <ClInclude Include="Library\Code\self\04_DirextX_11\01_Initialize\CD3D11.h">
      <Filter>ヘッダー ファイル\Manager</Filter>
    </ClInclude>
    <ClInclude Include="Library\Code\self\04_DirextX_11\07_Buffer\00_CBuffer\CBuffer.h">
      <Filter>ヘッダー ファイル\dx\buffer</Filter>
    </ClInclude>
    <ClInclude Include="Library\Code\self\04_DirextX_11\07_Buffer\03_CConstantBuffer\CConstantBuffer.h">
      <Filter>ヘッダー ファイル\dx\buffer</Filter>
    </ClInclude>
    <ClInclude Include="Library\Code\self\04_DirextX_11\07_Buffer\02_CIndexBuffer\CIndexBuffer.h">
      <Filter>ヘッダー ファイル\dx\buffer</Filter>
    </ClInclude>
    <ClInclude Include="Library\Code\self\04_DirextX_11\07_Buffer\01_CVertexBuffer\CVertexBuffer.h">
      <Filter>ヘッダー ファイル\dx\buffer</Filter>
    </ClInclude>
    <ClInclude Include="Library\Code\self\04_DirextX_11\09_Shader\00_CShader\CShader.h">
      <Filter>ヘッダー ファイル\dx\shader</Filter>
    </ClInclude>
    <ClInclude Include="Library\Code\self\04_DirextX_11\09_Shader\01_CVertexShader\CVertexShader.h">
      <Filter>ヘッダー ファイル\dx\shader</Filter>
    </ClInclude>
    <ClInclude Include="Library\Code\self\04_DirextX_11\09_Shader\02_PixelShader\CPixelShader.h">
      <Filter>ヘッダー ファイル\dx\shader</Filter>
    </ClInclude>
    <ClInclude Include="Library\Code\self\10_Object\Object.h">
      <Filter>ヘッダー ファイル</Filter>
    </ClInclude>
    <ClInclude Include="Scene\96_Test_Imagawa\Test_Imagawa.h">
      <Filter>ヘッダー ファイル\Scene\Test</Filter>
    </ClInclude>
    <ClInclude Include="Scene\97_Test_Ueda\Test_Ueda.h">
      <Filter>ヘッダー ファイル\Scene\Test</Filter>
    </ClInclude>
    <ClInclude Include="Scene\95_Test_Ri\Test_Ri.h">
      <Filter>ヘッダー ファイル\Scene\Test</Filter>
    </ClInclude>
    <ClInclude Include="Scene\98_Test_Uryu\Test_Uryu.h">
      <Filter>ヘッダー ファイル\Scene\Test</Filter>
    </ClInclude>
    <ClInclude Include="Scene\99_TestScene\TestScene.h">
      <Filter>ヘッダー ファイル\Scene\Test</Filter>
    </ClInclude>
    <ClInclude Include="Scene\01_TitleScene\TitleScene.h">
      <Filter>ヘッダー ファイル\Scene</Filter>
    </ClInclude>
    <ClInclude Include="Library\Code\other\01_WICTextureLoader\WICTextureLoader.h">
      <Filter>ヘッダー ファイル\other</Filter>
    </ClInclude>
    <ClInclude Include="Library\Code\self\SafePointers.h">
      <Filter>ヘッダー ファイル\other</Filter>
    </ClInclude>
    <ClInclude Include="main.h">
      <Filter>ヘッダー ファイル\other</Filter>
    </ClInclude>
    <ClInclude Include="Library\Code\self\imagawa_Input\input.h">
      <Filter>ヘッダー ファイル\other</Filter>
    </ClInclude>
    <ClInclude Include="Library\Code\self\05_Collider\00_BaseCollider\BaseCollider.h">
      <Filter>ヘッダー ファイル\Collider</Filter>
    </ClInclude>
    <ClInclude Include="Library\Code\self\05_Collider\02_CircleCollider\CircleCollider.h">
      <Filter>ヘッダー ファイル\Collider</Filter>
    </ClInclude>
    <ClInclude Include="Library\Code\self\05_Collider\01_BoxCollider\BoxCollider.h">
      <Filter>ヘッダー ファイル\Collider</Filter>
    </ClInclude>
    <ClInclude Include="Scene\94_Test_Otani\Test_Otani.h">
      <Filter>ヘッダー ファイル\Scene\Test</Filter>
    </ClInclude>
  </ItemGroup>
</Project>